
Microsoft Visual Studio Solution File, Format Version 12.00
# Visual Studio Version 16
VisualStudioVersion = 16.0.30804.86
MinimumVisualStudioVersion = 10.0.40219.1
Project("{9A19103F-16F7-4668-BE54-9A1E7A4F7556}") = "ExamplePlugin", "ExamplePlugin\ExamplePlugin.csproj", "{41DD6FE8-9105-4367-A2D7-FB782F38BE82}"
EndProject
Project("{9A19103F-16F7-4668-BE54-9A1E7A4F7556}") = "Infected", "Infected\Infected.csproj", "{9BF960AD-22E5-4082-BD85-41DC58B8B465}"
EndProject
Project("{9A19103F-16F7-4668-BE54-9A1E7A4F7556}") = "Clones", "Clones\Clones.csproj", "{889F66D6-5883-4808-BC68-6E461035BA5A}"
EndProject
Project("{9A19103F-16F7-4668-BE54-9A1E7A4F7556}") = "PluginLoader", "PluginLoader\PluginLoader.csproj", "{78D34FC5-99EB-4AF3-8901-5538319F4E55}"
EndProject
Project("{FAE04EC0-301F-11D3-BF4B-00C04F79EFBC}") = "Commands", "Commands\Commands.csproj", "{A306CF70-1CCC-4DB9-BE4C-290222733DAE}"
EndProject
Project("{FAE04EC0-301F-11D3-BF4B-00C04F79EFBC}") = "SpecialRoles", "SpecialRoles\SpecialRoles.csproj", "{54AF01BA-F822-4697-8D5E-37C952B619F1}"
EndProject
Project("{FAE04EC0-301F-11D3-BF4B-00C04F79EFBC}") = "GameOptionsSaverLoader", "GameOptionsSaverLoader\GameOptionsSaverLoader.csproj", "{7777F3CD-8C23-452C-A28B-DCE090EDD577}"
EndProject
Project("{FAE04EC0-301F-11D3-BF4B-00C04F79EFBC}") = "CommandHandler", "CommandHandler\CommandHandler.csproj", "{A7A19C98-FD05-4E1F-9EC7-F8BD84B92057}"
EndProject
Global
	GlobalSection(SolutionConfigurationPlatforms) = preSolution
		Debug|Any CPU = Debug|Any CPU
		Release|Any CPU = Release|Any CPU
	EndGlobalSection
	GlobalSection(ProjectConfigurationPlatforms) = postSolution
		{41DD6FE8-9105-4367-A2D7-FB782F38BE82}.Debug|Any CPU.ActiveCfg = Debug|Any CPU
		{41DD6FE8-9105-4367-A2D7-FB782F38BE82}.Debug|Any CPU.Build.0 = Debug|Any CPU
		{41DD6FE8-9105-4367-A2D7-FB782F38BE82}.Release|Any CPU.ActiveCfg = Release|Any CPU
		{41DD6FE8-9105-4367-A2D7-FB782F38BE82}.Release|Any CPU.Build.0 = Release|Any CPU
		{9BF960AD-22E5-4082-BD85-41DC58B8B465}.Debug|Any CPU.ActiveCfg = Debug|Any CPU
		{9BF960AD-22E5-4082-BD85-41DC58B8B465}.Debug|Any CPU.Build.0 = Debug|Any CPU
		{9BF960AD-22E5-4082-BD85-41DC58B8B465}.Release|Any CPU.ActiveCfg = Release|Any CPU
		{9BF960AD-22E5-4082-BD85-41DC58B8B465}.Release|Any CPU.Build.0 = Release|Any CPU
		{889F66D6-5883-4808-BC68-6E461035BA5A}.Debug|Any CPU.ActiveCfg = Debug|Any CPU
		{889F66D6-5883-4808-BC68-6E461035BA5A}.Debug|Any CPU.Build.0 = Debug|Any CPU
		{889F66D6-5883-4808-BC68-6E461035BA5A}.Release|Any CPU.ActiveCfg = Release|Any CPU
		{889F66D6-5883-4808-BC68-6E461035BA5A}.Release|Any CPU.Build.0 = Release|Any CPU
		{78D34FC5-99EB-4AF3-8901-5538319F4E55}.Debug|Any CPU.ActiveCfg = Debug|Any CPU
		{78D34FC5-99EB-4AF3-8901-5538319F4E55}.Debug|Any CPU.Build.0 = Debug|Any CPU
		{78D34FC5-99EB-4AF3-8901-5538319F4E55}.Release|Any CPU.ActiveCfg = Release|Any CPU
		{78D34FC5-99EB-4AF3-8901-5538319F4E55}.Release|Any CPU.Build.0 = Release|Any CPU
		{A306CF70-1CCC-4DB9-BE4C-290222733DAE}.Debug|Any CPU.ActiveCfg = Debug|Any CPU
		{A306CF70-1CCC-4DB9-BE4C-290222733DAE}.Debug|Any CPU.Build.0 = Debug|Any CPU
		{A306CF70-1CCC-4DB9-BE4C-290222733DAE}.Release|Any CPU.ActiveCfg = Release|Any CPU
		{A306CF70-1CCC-4DB9-BE4C-290222733DAE}.Release|Any CPU.Build.0 = Release|Any CPU
		{54AF01BA-F822-4697-8D5E-37C952B619F1}.Debug|Any CPU.ActiveCfg = Debug|Any CPU
		{54AF01BA-F822-4697-8D5E-37C952B619F1}.Debug|Any CPU.Build.0 = Debug|Any CPU
		{54AF01BA-F822-4697-8D5E-37C952B619F1}.Release|Any CPU.ActiveCfg = Release|Any CPU
		{54AF01BA-F822-4697-8D5E-37C952B619F1}.Release|Any CPU.Build.0 = Release|Any CPU
		{7777F3CD-8C23-452C-A28B-DCE090EDD577}.Debug|Any CPU.ActiveCfg = Debug|Any CPU
		{7777F3CD-8C23-452C-A28B-DCE090EDD577}.Debug|Any CPU.Build.0 = Debug|Any CPU
		{7777F3CD-8C23-452C-A28B-DCE090EDD577}.Release|Any CPU.ActiveCfg = Release|Any CPU
		{7777F3CD-8C23-452C-A28B-DCE090EDD577}.Release|Any CPU.Build.0 = Release|Any CPU
		{A7A19C98-FD05-4E1F-9EC7-F8BD84B92057}.Debug|Any CPU.ActiveCfg = Debug|Any CPU
		{A7A19C98-FD05-4E1F-9EC7-F8BD84B92057}.Debug|Any CPU.Build.0 = Debug|Any CPU
		{A7A19C98-FD05-4E1F-9EC7-F8BD84B92057}.Release|Any CPU.ActiveCfg = Release|Any CPU
		{A7A19C98-FD05-4E1F-9EC7-F8BD84B92057}.Release|Any CPU.Build.0 = Release|Any CPU
	EndGlobalSection
	GlobalSection(SolutionProperties) = preSolution
		HideSolutionNode = FALSE
	EndGlobalSection
	GlobalSection(ExtensibilityGlobals) = postSolution
		SolutionGuid = {168BE383-E91E-4A2D-94BA-49BEB4114A75}
	EndGlobalSection
EndGlobal
